{
  "name": "ajs-clone",
  "version": "1.0.0",
  "lockfileVersion": 3,
  "requires": true,
  "packages": {
    "": {
      "name": "ajs-clone",
      "version": "1.0.0",
      "license": "ISC",
      "dependencies": {
        "@juliavolk96/ajs": "^1.0.0"
      }
    },
    "node_modules/@juliavolk96/ajs": {
      "version": "1.0.0",
      "resolved": "https://npm.pkg.github.com/download/@juliavolk96/ajs/1.0.0/9f101fd6aded7b3415309374f2a7594c6628c233",
      "integrity": "sha512-ejLzK8ZuFOCIKTekx/ND3UfE+Z633bCrMsJf5YXWIoaM0qNqkSBOI8KwMSya1BqVyAGxtpQbps2OulEp1bFwcA==",
      "license": "ISC"
    }
  }
}
